
Microsoft Visual Studio Solution File, Format Version 12.00
# Visual Studio Version 17
VisualStudioVersion = 17.7.34031.279
MinimumVisualStudioVersion = 10.0.40219.1
Project("{888888A0-9F3D-457C-B088-3A5042F75D52}") = "py1", "py1\py1.pyproj", "{C574C2D3-4C0C-4AE3-A7ED-D6F1DB001361}"
EndProject
Global
	GlobalSection(SolutionConfigurationPlatforms) = preSolution
		Debug|Any CPU = Debug|Any CPU
		Release|Any CPU = Release|Any CPU
	EndGlobalSection
	GlobalSection(ProjectConfigurationPlatforms) = postSolution
		{C574C2D3-4C0C-4AE3-A7ED-D6F1DB001361}.Debug|Any CPU.ActiveCfg = Debug|Any CPU
		{C574C2D3-4C0C-4AE3-A7ED-D6F1DB001361}.Release|Any CPU.ActiveCfg = Release|Any CPU
	EndGlobalSection
	GlobalSection(SolutionProperties) = preSolution
		HideSolutionNode = FALSE
	EndGlobalSection
	GlobalSection(ExtensibilityGlobals) = postSolution
		SolutionGuid = {CF6329EC-D7B2-4B7A-A6A7-1789A89CDE97}
	EndGlobalSection
EndGlobal
